// !$*UTF8*$!
{
	archiveVersion = 1;
	classes = {
	};
	objectVersion = 55;
	objects = {

/* Begin PBXBuildFile section */
		152728F027A6DD43003770F0 /* AppDelegate.swift in Sources */ = {isa = PBXBuildFile; fileRef = 152728EF27A6DD43003770F0 /* AppDelegate.swift */; };
		152728F727A6DD43003770F0 /* Main.storyboard in Resources */ = {isa = PBXBuildFile; fileRef = 152728F527A6DD43003770F0 /* Main.storyboard */; };
		152728F927A6DD44003770F0 /* Assets.xcassets in Resources */ = {isa = PBXBuildFile; fileRef = 152728F827A6DD44003770F0 /* Assets.xcassets */; };
		152728FC27A6DD44003770F0 /* LaunchScreen.storyboard in Resources */ = {isa = PBXBuildFile; fileRef = 152728FA27A6DD44003770F0 /* LaunchScreen.storyboard */; };
		1527291E27A6F313003770F0 /* TabBarController.swift in Sources */ = {isa = PBXBuildFile; fileRef = 1527291D27A6F313003770F0 /* TabBarController.swift */; };
		1527292427A6F439003770F0 /* MediaViewController.swift in Sources */ = {isa = PBXBuildFile; fileRef = 1527292327A6F439003770F0 /* MediaViewController.swift */; };
		1527292A27A6F49B003770F0 /* ForYouViewController.swift in Sources */ = {isa = PBXBuildFile; fileRef = 1527292927A6F49B003770F0 /* ForYouViewController.swift */; };
		1527292C27A6F4A8003770F0 /* ViewController.swift in Sources */ = {isa = PBXBuildFile; fileRef = 1527292B27A6F4A8003770F0 /* ViewController.swift */; };
		1527292E27A6F4B5003770F0 /* SearchViewController.swift in Sources */ = {isa = PBXBuildFile; fileRef = 1527292D27A6F4B5003770F0 /* SearchViewController.swift */; };
		1527293127A71F52003770F0 /* Cell.swift in Sources */ = {isa = PBXBuildFile; fileRef = 1527293027A71F52003770F0 /* Cell.swift */; };
		1527295327A83939003770F0 /* DataSource.swift in Sources */ = {isa = PBXBuildFile; fileRef = 1527295227A83939003770F0 /* DataSource.swift */; };
		1527295527A851FF003770F0 /* CellsHeader.swift in Sources */ = {isa = PBXBuildFile; fileRef = 1527295427A851FF003770F0 /* CellsHeader.swift */; };
		1527295827A94CAB003770F0 /* FirstSection.swift in Sources */ = {isa = PBXBuildFile; fileRef = 1527295727A94CAB003770F0 /* FirstSection.swift */; };
		1527295B27A95636003770F0 /* DataModel.swift in Sources */ = {isa = PBXBuildFile; fileRef = 1527295A27A95636003770F0 /* DataModel.swift */; };
/* End PBXBuildFile section */

/* Begin PBXFileReference section */
		152728EC27A6DD43003770F0 /* HomeWork13.app */ = {isa = PBXFileReference; explicitFileType = wrapper.application; includeInIndex = 0; path = HomeWork13.app; sourceTree = BUILT_PRODUCTS_DIR; };
		152728EF27A6DD43003770F0 /* AppDelegate.swift */ = {isa = PBXFileReference; lastKnownFileType = sourcecode.swift; path = AppDelegate.swift; sourceTree = "<group>"; };
		152728F627A6DD43003770F0 /* Base */ = {isa = PBXFileReference; lastKnownFileType = file.storyboard; name = Base; path = Base.lproj/Main.storyboard; sourceTree = "<group>"; };
		152728F827A6DD44003770F0 /* Assets.xcassets */ = {isa = PBXFileReference; lastKnownFileType = folder.assetcatalog; path = Assets.xcassets; sourceTree = "<group>"; };
		152728FB27A6DD44003770F0 /* Base */ = {isa = PBXFileReference; lastKnownFileType = file.storyboard; name = Base; path = Base.lproj/LaunchScreen.storyboard; sourceTree = "<group>"; };
		152728FD27A6DD44003770F0 /* Info.plist */ = {isa = PBXFileReference; lastKnownFileType = text.plist.xml; path = Info.plist; sourceTree = "<group>"; };
		1527291D27A6F313003770F0 /* TabBarController.swift */ = {isa = PBXFileReference; lastKnownFileType = sourcecode.swift; path = TabBarController.swift; sourceTree = "<group>"; };
		1527292327A6F439003770F0 /* MediaViewController.swift */ = {isa = PBXFileReference; lastKnownFileType = sourcecode.swift; path = MediaViewController.swift; sourceTree = "<group>"; };
		1527292927A6F49B003770F0 /* ForYouViewController.swift */ = {isa = PBXFileReference; lastKnownFileType = sourcecode.swift; path = ForYouViewController.swift; sourceTree = "<group>"; };
		1527292B27A6F4A8003770F0 /* ViewController.swift */ = {isa = PBXFileReference; lastKnownFileType = sourcecode.swift; path = ViewController.swift; sourceTree = "<group>"; };
		1527292D27A6F4B5003770F0 /* SearchViewController.swift */ = {isa = PBXFileReference; lastKnownFileType = sourcecode.swift; path = SearchViewController.swift; sourceTree = "<group>"; };
		1527293027A71F52003770F0 /* Cell.swift */ = {isa = PBXFileReference; lastKnownFileType = sourcecode.swift; path = Cell.swift; sourceTree = "<group>"; };
		1527295227A83939003770F0 /* DataSource.swift */ = {isa = PBXFileReference; lastKnownFileType = sourcecode.swift; path = DataSource.swift; sourceTree = "<group>"; };
		1527295427A851FF003770F0 /* CellsHeader.swift */ = {isa = PBXFileReference; lastKnownFileType = sourcecode.swift; path = CellsHeader.swift; sourceTree = "<group>"; };
		1527295727A94CAB003770F0 /* FirstSection.swift */ = {isa = PBXFileReference; lastKnownFileType = sourcecode.swift; path = FirstSection.swift; sourceTree = "<group>"; };
		1527295A27A95636003770F0 /* DataModel.swift */ = {isa = PBXFileReference; lastKnownFileType = sourcecode.swift; path = DataModel.swift; sourceTree = "<group>"; };
/* End PBXFileReference section */

/* Begin PBXFrameworksBuildPhase section */
		152728E927A6DD43003770F0 /* Frameworks */ = {
			isa = PBXFrameworksBuildPhase;
			buildActionMask = 2147483647;
			files = (
			);
			runOnlyForDeploymentPostprocessing = 0;
		};
/* End PBXFrameworksBuildPhase section */

/* Begin PBXGroup section */
		152728E327A6DD43003770F0 = {
			isa = PBXGroup;
			children = (
				152728EE27A6DD43003770F0 /* HomeWork13 */,
				152728ED27A6DD43003770F0 /* Products */,
			);
			sourceTree = "<group>";
		};
		152728ED27A6DD43003770F0 /* Products */ = {
			isa = PBXGroup;
			children = (
				152728EC27A6DD43003770F0 /* HomeWork13.app */,
			);
			name = Products;
			sourceTree = "<group>";
		};
		152728EE27A6DD43003770F0 /* HomeWork13 */ = {
			isa = PBXGroup;
			children = (
				1527290427A6DF4D003770F0 /* Sources */,
				1527290327A6DF43003770F0 /* Resources */,
				152728F827A6DD44003770F0 /* Assets.xcassets */,
			);
			path = HomeWork13;
			sourceTree = "<group>";
		};
		1527290327A6DF43003770F0 /* Resources */ = {
			isa = PBXGroup;
			children = (
				1527290627A6DF7F003770F0 /* Configs */,
				1527290527A6DF75003770F0 /* Storyboards */,
			);
			path = Resources;
			sourceTree = "<group>";
		};
		1527290427A6DF4D003770F0 /* Sources */ = {
			isa = PBXGroup;
			children = (
				1527290827A6E073003770F0 /* Modules */,
				1527290727A6DF91003770F0 /* App */,
			);
			path = Sources;
			sourceTree = "<group>";
		};
		1527290527A6DF75003770F0 /* Storyboards */ = {
			isa = PBXGroup;
			children = (
				152728FA27A6DD44003770F0 /* LaunchScreen.storyboard */,
				152728F527A6DD43003770F0 /* Main.storyboard */,
			);
			path = Storyboards;
			sourceTree = "<group>";
		};
		1527290627A6DF7F003770F0 /* Configs */ = {
			isa = PBXGroup;
			children = (
				152728FD27A6DD44003770F0 /* Info.plist */,
			);
			path = Configs;
			sourceTree = "<group>";
		};
		1527290727A6DF91003770F0 /* App */ = {
			isa = PBXGroup;
			children = (
				152728EF27A6DD43003770F0 /* AppDelegate.swift */,
			);
			path = App;
			sourceTree = "<group>";
		};
		1527290827A6E073003770F0 /* Modules */ = {
			isa = PBXGroup;
			children = (
				1527291F27A6F329003770F0 /* TabBarControllers */,
				1527292527A6F43D003770F0 /* MediaView */,
				1527292627A6F454003770F0 /* ForYouView */,
				1527292727A6F46C003770F0 /* AlbumsView */,
				1527292827A6F473003770F0 /* SearchView */,
			);
			path = Modules;
			sourceTree = "<group>";
		};
		1527291F27A6F329003770F0 /* TabBarControllers */ = {
			isa = PBXGroup;
			children = (
				1527291D27A6F313003770F0 /* TabBarController.swift */,
			);
			path = TabBarControllers;
			sourceTree = "<group>";
		};
		1527292527A6F43D003770F0 /* MediaView */ = {
			isa = PBXGroup;
			children = (
				1527292327A6F439003770F0 /* MediaViewController.swift */,
			);
			path = MediaView;
			sourceTree = "<group>";
		};
		1527292627A6F454003770F0 /* ForYouView */ = {
			isa = PBXGroup;
			children = (
				1527292927A6F49B003770F0 /* ForYouViewController.swift */,
			);
			path = ForYouView;
			sourceTree = "<group>";
		};
		1527292727A6F46C003770F0 /* AlbumsView */ = {
			isa = PBXGroup;
			children = (
				1527295927A95609003770F0 /* AlbumsDataModel */,
				1527295C27A95675003770F0 /* AlbumsController */,
				1527295627A94C7A003770F0 /* Sections */,
				1527292F27A71F34003770F0 /* Cells */,
			);
			path = AlbumsView;
			sourceTree = "<group>";
		};
		1527292827A6F473003770F0 /* SearchView */ = {
			isa = PBXGroup;
			children = (
				1527292D27A6F4B5003770F0 /* SearchViewController.swift */,
			);
			path = SearchView;
			sourceTree = "<group>";
		};
		1527292F27A71F34003770F0 /* Cells */ = {
			isa = PBXGroup;
			children = (
				1527293027A71F52003770F0 /* Cell.swift */,
				1527295427A851FF003770F0 /* CellsHeader.swift */,
			);
			path = Cells;
			sourceTree = "<group>";
		};
		1527295627A94C7A003770F0 /* Sections */ = {
			isa = PBXGroup;
			children = (
				1527295727A94CAB003770F0 /* FirstSection.swift */,
			);
			path = Sections;
			sourceTree = "<group>";
		};
		1527295927A95609003770F0 /* AlbumsDataModel */ = {
			isa = PBXGroup;
			children = (
				1527295A27A95636003770F0 /* DataModel.swift */,
			);
			path = AlbumsDataModel;
			sourceTree = "<group>";
		};
		1527295C27A95675003770F0 /* AlbumsController */ = {
			isa = PBXGroup;
			children = (
				1527292B27A6F4A8003770F0 /* ViewController.swift */,
				1527295227A83939003770F0 /* DataSource.swift */,
			);
			path = AlbumsController;
			sourceTree = "<group>";
		};
/* End PBXGroup section */

/* Begin PBXNativeTarget section */
		152728EB27A6DD43003770F0 /* HomeWork13 */ = {
			isa = PBXNativeTarget;
			buildConfigurationList = 1527290027A6DD44003770F0 /* Build configuration list for PBXNativeTarget "HomeWork13" */;
			buildPhases = (
				152728E827A6DD43003770F0 /* Sources */,
				152728E927A6DD43003770F0 /* Frameworks */,
				152728EA27A6DD43003770F0 /* Resources */,
			);
			buildRules = (
			);
			dependencies = (
			);
			name = HomeWork13;
			productName = HomeWork13;
			productReference = 152728EC27A6DD43003770F0 /* HomeWork13.app */;
			productType = "com.apple.product-type.application";
		};
/* End PBXNativeTarget section */

/* Begin PBXProject section */
		152728E427A6DD43003770F0 /* Project object */ = {
			isa = PBXProject;
			attributes = {
				BuildIndependentTargetsInParallel = 1;
				LastSwiftUpdateCheck = 1320;
				LastUpgradeCheck = 1320;
				TargetAttributes = {
					152728EB27A6DD43003770F0 = {
						CreatedOnToolsVersion = 13.2.1;
					};
				};
			};
			buildConfigurationList = 152728E727A6DD43003770F0 /* Build configuration list for PBXProject "HomeWork13" */;
			compatibilityVersion = "Xcode 13.0";
			developmentRegion = en;
			hasScannedForEncodings = 0;
			knownRegions = (
				en,
				Base,
			);
			mainGroup = 152728E327A6DD43003770F0;
			productRefGroup = 152728ED27A6DD43003770F0 /* Products */;
			projectDirPath = "";
			projectRoot = "";
			targets = (
				152728EB27A6DD43003770F0 /* HomeWork13 */,
			);
		};
/* End PBXProject section */

/* Begin PBXResourcesBuildPhase section */
		152728EA27A6DD43003770F0 /* Resources */ = {
			isa = PBXResourcesBuildPhase;
			buildActionMask = 2147483647;
			files = (
				152728FC27A6DD44003770F0 /* LaunchScreen.storyboard in Resources */,
				152728F927A6DD44003770F0 /* Assets.xcassets in Resources */,
				152728F727A6DD43003770F0 /* Main.storyboard in Resources */,
			);
			runOnlyForDeploymentPostprocessing = 0;
		};
/* End PBXResourcesBuildPhase section */

/* Begin PBXSourcesBuildPhase section */
		152728E827A6DD43003770F0 /* Sources */ = {
			isa = PBXSourcesBuildPhase;
			buildActionMask = 2147483647;
			files = (
				1527293127A71F52003770F0 /* Cell.swift in Sources */,
				1527292E27A6F4B5003770F0 /* SearchViewController.swift in Sources */,
				1527292A27A6F49B003770F0 /* ForYouViewController.swift in Sources */,
				1527291E27A6F313003770F0 /* TabBarController.swift in Sources */,
				1527295827A94CAB003770F0 /* FirstSection.swift in Sources */,
				1527292427A6F439003770F0 /* MediaViewController.swift in Sources */,
				1527295B27A95636003770F0 /* DataModel.swift in Sources */,
				1527295327A83939003770F0 /* DataSource.swift in Sources */,
				152728F027A6DD43003770F0 /* AppDelegate.swift in Sources */,
				1527292C27A6F4A8003770F0 /* ViewController.swift in Sources */,
				1527295527A851FF003770F0 /* CellsHeader.swift in Sources */,
			);
			runOnlyForDeploymentPostprocessing = 0;
		};
/* End PBXSourcesBuildPhase section */

/* Begin PBXVariantGroup section */
		152728F527A6DD43003770F0 /* Main.storyboard */ = {
			isa = PBXVariantGroup;
			children = (
				152728F627A6DD43003770F0 /* Base */,
			);
			name = Main.storyboard;
			sourceTree = "<group>";
		};
		152728FA27A6DD44003770F0 /* LaunchScreen.storyboard */ = {
			isa = PBXVariantGroup;
			children = (
				152728FB27A6DD44003770F0 /* Base */,
			);
			name = LaunchScreen.storyboard;
			sourceTree = "<group>";
		};
/* End PBXVariantGroup section */

/* Begin XCBuildConfiguration section */
		152728FE27A6DD44003770F0 /* Debug */ = {
			isa = XCBuildConfiguration;
			buildSettings = {
				ALWAYS_SEARCH_USER_PATHS = NO;
				CLANG_ANALYZER_NONNULL = YES;
				CLANG_ANALYZER_NUMBER_OBJECT_CONVERSION = YES_AGGRESSIVE;
				CLANG_CXX_LANGUAGE_STANDARD = "gnu++17";
				CLANG_CXX_LIBRARY = "libc++";
				CLANG_ENABLE_MODULES = YES;
				CLANG_ENABLE_OBJC_ARC = YES;
				CLANG_ENABLE_OBJC_WEAK = YES;
				CLANG_WARN_BLOCK_CAPTURE_AUTORELEASING = YES;
				CLANG_WARN_BOOL_CONVERSION = YES;
				CLANG_WARN_COMMA = YES;
				CLANG_WARN_CONSTANT_CONVERSION = YES;
				CLANG_WARN_DEPRECATED_OBJC_IMPLEMENTATIONS = YES;
				CLANG_WARN_DIRECT_OBJC_ISA_USAGE = YES_ERROR;
				CLANG_WARN_DOCUMENTATION_COMMENTS = YES;
				CLANG_WARN_EMPTY_BODY = YES;
				CLANG_WARN_ENUM_CONVERSION = YES;
				CLANG_WARN_INFINITE_RECURSION = YES;
				CLANG_WARN_INT_CONVERSION = YES;
				CLANG_WARN_NON_LITERAL_NULL_CONVERSION = YES;
				CLANG_WARN_OBJC_IMPLICIT_RETAIN_SELF = YES;
				CLANG_WARN_OBJC_LITERAL_CONVERSION = YES;
				CLANG_WARN_OBJC_ROOT_CLASS = YES_ERROR;
				CLANG_WARN_QUOTED_INCLUDE_IN_FRAMEWORK_HEADER = YES;
				CLANG_WARN_RANGE_LOOP_ANALYSIS = YES;
				CLANG_WARN_STRICT_PROTOTYPES = YES;
				CLANG_WARN_SUSPICIOUS_MOVE = YES;
				CLANG_WARN_UNGUARDED_AVAILABILITY = YES_AGGRESSIVE;
				CLANG_WARN_UNREACHABLE_CODE = YES;
				CLANG_WARN__DUPLICATE_METHOD_MATCH = YES;
				COPY_PHASE_STRIP = NO;
				DEBUG_INFORMATION_FORMAT = dwarf;
				ENABLE_STRICT_OBJC_MSGSEND = YES;
				ENABLE_TESTABILITY = YES;
				GCC_C_LANGUAGE_STANDARD = gnu11;
				GCC_DYNAMIC_NO_PIC = NO;
				GCC_NO_COMMON_BLOCKS = YES;
				GCC_OPTIMIZATION_LEVEL = 0;
				GCC_PREPROCESSOR_DEFINITIONS = (
					"DEBUG=1",
					"$(inherited)",
				);
				GCC_WARN_64_TO_32_BIT_CONVERSION = YES;
				GCC_WARN_ABOUT_RETURN_TYPE = YES_ERROR;
				GCC_WARN_UNDECLARED_SELECTOR = YES;
				GCC_WARN_UNINITIALIZED_AUTOS = YES_AGGRESSIVE;
				GCC_WARN_UNUSED_FUNCTION = YES;
				GCC_WARN_UNUSED_VARIABLE = YES;
				IPHONEOS_DEPLOYMENT_TARGET = 15.2;
				MTL_ENABLE_DEBUG_INFO = INCLUDE_SOURCE;
				MTL_FAST_MATH = YES;
				ONLY_ACTIVE_ARCH = YES;
				SDKROOT = iphoneos;
				SWIFT_ACTIVE_COMPILATION_CONDITIONS = DEBUG;
				SWIFT_OPTIMIZATION_LEVEL = "-Onone";
			};
			name = Debug;
		};
		152728FF27A6DD44003770F0 /* Release */ = {
			isa = XCBuildConfiguration;
			buildSettings = {
				ALWAYS_SEARCH_USER_PATHS = NO;
				CLANG_ANALYZER_NONNULL = YES;
				CLANG_ANALYZER_NUMBER_OBJECT_CONVERSION = YES_AGGRESSIVE;
				CLANG_CXX_LANGUAGE_STANDARD = "gnu++17";
				CLANG_CXX_LIBRARY = "libc++";
				CLANG_ENABLE_MODULES = YES;
				CLANG_ENABLE_OBJC_ARC = YES;
				CLANG_ENABLE_OBJC_WEAK = YES;
				CLANG_WARN_BLOCK_CAPTURE_AUTORELEASING = YES;
				CLANG_WARN_BOOL_CONVERSION = YES;
				CLANG_WARN_COMMA = YES;
				CLANG_WARN_CONSTANT_CONVERSION = YES;
				CLANG_WARN_DEPRECATED_OBJC_IMPLEMENTATIONS = YES;
				CLANG_WARN_DIRECT_OBJC_ISA_USAGE = YES_ERROR;
				CLANG_WARN_DOCUMENTATION_COMMENTS = YES;
				CLANG_WARN_EMPTY_BODY = YES;
				CLANG_WARN_ENUM_CONVERSION = YES;
				CLANG_WARN_INFINITE_RECURSION = YES;
				CLANG_WARN_INT_CONVERSION = YES;
				CLANG_WARN_NON_LITERAL_NULL_CONVERSION = YES;
				CLANG_WARN_OBJC_IMPLICIT_RETAIN_SELF = YES;
				CLANG_WARN_OBJC_LITERAL_CONVERSION = YES;
				CLANG_WARN_OBJC_ROOT_CLASS = YES_ERROR;
				CLANG_WARN_QUOTED_INCLUDE_IN_FRAMEWORK_HEADER = YES;
				CLANG_WARN_RANGE_LOOP_ANALYSIS = YES;
				CLANG_WARN_STRICT_PROTOTYPES = YES;
				CLANG_WARN_SUSPICIOUS_MOVE = YES;
				CLANG_WARN_UNGUARDED_AVAILABILITY = YES_AGGRESSIVE;
				CLANG_WARN_UNREACHABLE_CODE = YES;
				CLANG_WARN__DUPLICATE_METHOD_MATCH = YES;
				COPY_PHASE_STRIP = NO;
				DEBUG_INFORMATION_FORMAT = "dwarf-with-dsym";
				ENABLE_NS_ASSERTIONS = NO;
				ENABLE_STRICT_OBJC_MSGSEND = YES;
				GCC_C_LANGUAGE_STANDARD = gnu11;
				GCC_NO_COMMON_BLOCKS = YES;
				GCC_WARN_64_TO_32_BIT_CONVERSION = YES;
				GCC_WARN_ABOUT_RETURN_TYPE = YES_ERROR;
				GCC_WARN_UNDECLARED_SELECTOR = YES;
				GCC_WARN_UNINITIALIZED_AUTOS = YES_AGGRESSIVE;
				GCC_WARN_UNUSED_FUNCTION = YES;
				GCC_WARN_UNUSED_VARIABLE = YES;
				IPHONEOS_DEPLOYMENT_TARGET = 15.2;
				MTL_ENABLE_DEBUG_INFO = NO;
				MTL_FAST_MATH = YES;
				SDKROOT = iphoneos;
				SWIFT_COMPILATION_MODE = wholemodule;
				SWIFT_OPTIMIZATION_LEVEL = "-O";
				VALIDATE_PRODUCT = YES;
			};
			name = Release;
		};
		1527290127A6DD44003770F0 /* Debug */ = {
			isa = XCBuildConfiguration;
			buildSettings = {
				ASSETCATALOG_COMPILER_APPICON_NAME = AppIcon;
				ASSETCATALOG_COMPILER_GLOBAL_ACCENT_COLOR_NAME = AccentColor;
				CODE_SIGN_STYLE = Automatic;
				CURRENT_PROJECT_VERSION = 1;
				DEVELOPMENT_TEAM = 4MP59MZ872;
				GENERATE_INFOPLIST_FILE = YES;
				INFOPLIST_FILE = HomeWork13/Resources/Configs/Info.plist;
				INFOPLIST_KEY_UIApplicationSupportsIndirectInputEvents = YES;
				INFOPLIST_KEY_UILaunchStoryboardName = LaunchScreen;
				INFOPLIST_KEY_UIMainStoryboardFile = Main;
				INFOPLIST_KEY_UISupportedInterfaceOrientations_iPad = "UIInterfaceOrientationPortrait UIInterfaceOrientationPortraitUpsideDown UIInterfaceOrientationLandscapeLeft UIInterfaceOrientationLandscapeRight";
				INFOPLIST_KEY_UISupportedInterfaceOrientations_iPhone = "UIInterfaceOrientationPortrait UIInterfaceOrientationLandscapeLeft UIInterfaceOrientationLandscapeRight";
				IPHONEOS_DEPLOYMENT_TARGET = 13.0;
				LD_RUNPATH_SEARCH_PATHS = (
					"$(inherited)",
					"@executable_path/Frameworks",
				);
				MARKETING_VERSION = 1.0;
				PRODUCT_BUNDLE_IDENTIFIER = com.my.HomeWork13;
				PRODUCT_NAME = "$(TARGET_NAME)";
				SWIFT_EMIT_LOC_STRINGS = YES;
				SWIFT_VERSION = 5.0;
				TARGETED_DEVICE_FAMILY = "1,2";
			};
			name = Debug;
		};
		1527290227A6DD44003770F0 /* Release */ = {
			isa = XCBuildConfiguration;
			buildSettings = {
				ASSETCATALOG_COMPILER_APPICON_NAME = AppIcon;
				ASSETCATALOG_COMPILER_GLOBAL_ACCENT_COLOR_NAME = AccentColor;
				CODE_SIGN_STYLE = Automatic;
				CURRENT_PROJECT_VERSION = 1;
				DEVELOPMENT_TEAM = 4MP59MZ872;
				GENERATE_INFOPLIST_FILE = YES;
				INFOPLIST_FILE = HomeWork13/Resources/Configs/Info.plist;
				INFOPLIST_KEY_UIApplicationSupportsIndirectInputEvents = YES;
				INFOPLIST_KEY_UILaunchStoryboardName = LaunchScreen;
				INFOPLIST_KEY_UIMainStoryboardFile = Main;
				INFOPLIST_KEY_UISupportedInterfaceOrientations_iPad = "UIInterfaceOrientationPortrait UIInterfaceOrientationPortraitUpsideDown UIInterfaceOrientationLandscapeLeft UIInterfaceOrientationLandscapeRight";
				INFOPLIST_KEY_UISupportedInterfaceOrientations_iPhone = "UIInterfaceOrientationPortrait UIInterfaceOrientationLandscapeLeft UIInterfaceOrientationLandscapeRight";
				IPHONEOS_DEPLOYMENT_TARGET = 13.0;
				LD_RUNPATH_SEARCH_PATHS = (
					"$(inherited)",
					"@executable_path/Frameworks",
				);
				MARKETING_VERSION = 1.0;
				PRODUCT_BUNDLE_IDENTIFIER = com.my.HomeWork13;
				PRODUCT_NAME = "$(TARGET_NAME)";
				SWIFT_EMIT_LOC_STRINGS = YES;
				SWIFT_VERSION = 5.0;
				TARGETED_DEVICE_FAMILY = "1,2";
			};
			name = Release;
		};
/* End XCBuildConfiguration section */

/* Begin XCConfigurationList section */
		152728E727A6DD43003770F0 /* Build configuration list for PBXProject "HomeWork13" */ = {
			isa = XCConfigurationList;
			buildConfigurations = (
				152728FE27A6DD44003770F0 /* Debug */,
				152728FF27A6DD44003770F0 /* Release */,
			);
			defaultConfigurationIsVisible = 0;
			defaultConfigurationName = Release;
		};
		1527290027A6DD44003770F0 /* Build configuration list for PBXNativeTarget "HomeWork13" */ = {
			isa = XCConfigurationList;
			buildConfigurations = (
				1527290127A6DD44003770F0 /* Debug */,
				1527290227A6DD44003770F0 /* Release */,
			);
			defaultConfigurationIsVisible = 0;
			defaultConfigurationName = Release;
		};
/* End XCConfigurationList section */
	};
	rootObject = 152728E427A6DD43003770F0 /* Project object */;
}
